// !$*UTF8*$!
{
	archiveVersion = 1;
	classes = {
	};
	objectVersion = 56;
	objects = {

/* Begin PBXBuildFile section */
		4945651D2BB8A9EE0056FC15 /* FlowContainers.docc in Sources */ = {isa = PBXBuildFile; fileRef = 4945651C2BB8A9EE0056FC15 /* FlowContainers.docc */; };
		494565232BB8A9EE0056FC15 /* FlowContainers.framework in Frameworks */ = {isa = PBXBuildFile; fileRef = 494565182BB8A9EE0056FC15 /* FlowContainers.framework */; };
		494565292BB8A9EE0056FC15 /* FlowContainers.h in Headers */ = {isa = PBXBuildFile; fileRef = 4945651B2BB8A9EE0056FC15 /* FlowContainers.h */; settings = {ATTRIBUTES = (Public, ); }; };
		494565372BB8BF910056FC15 /* DeinitListener.swift in Sources */ = {isa = PBXBuildFile; fileRef = 494565362BB8BF910056FC15 /* DeinitListener.swift */; };
		4945653C2BB8C14F0056FC15 /* DeinitListenerTests.swift in Sources */ = {isa = PBXBuildFile; fileRef = 4945653A2BB8C1460056FC15 /* DeinitListenerTests.swift */; };
		4945653F2BB8C2370056FC15 /* UIKit.framework in Frameworks */ = {isa = PBXBuildFile; fileRef = 4945653E2BB8C2370056FC15 /* UIKit.framework */; };
		494565422BB8C2E30056FC15 /* TimeInterval+Configurations.swift in Sources */ = {isa = PBXBuildFile; fileRef = 494565412BB8C2E30056FC15 /* TimeInterval+Configurations.swift */; };
		494565462BB8C7E10056FC15 /* FlowContainer.swift in Sources */ = {isa = PBXBuildFile; fileRef = 494565452BB8C7E10056FC15 /* FlowContainer.swift */; };
		494565492BB8CA710056FC15 /* Collection+Extensions.swift in Sources */ = {isa = PBXBuildFile; fileRef = 494565482BB8CA710056FC15 /* Collection+Extensions.swift */; };
		4945654B2BB8CBE50056FC15 /* NavigationBindingDelegate.swift in Sources */ = {isa = PBXBuildFile; fileRef = 4945654A2BB8CBE50056FC15 /* NavigationBindingDelegate.swift */; };
		4945654D2BB8CF890056FC15 /* UINavigationController+PrivateExtensions.swift in Sources */ = {isa = PBXBuildFile; fileRef = 4945654C2BB8CF890056FC15 /* UINavigationController+PrivateExtensions.swift */; };
		4945654F2BB8D1D20056FC15 /* UINavigationController+Extensions.swift in Sources */ = {isa = PBXBuildFile; fileRef = 4945654E2BB8D1D20056FC15 /* UINavigationController+Extensions.swift */; };
		494565522BB8D22E0056FC15 /* UIViewController+Extensions.swift in Sources */ = {isa = PBXBuildFile; fileRef = 494565512BB8D22E0056FC15 /* UIViewController+Extensions.swift */; };
		494565572BB8D5740056FC15 /* FlowContainerTests.swift in Sources */ = {isa = PBXBuildFile; fileRef = 494565552BB8D5700056FC15 /* FlowContainerTests.swift */; };
		4945655B2BB8D6B40056FC15 /* Collection_ExtensionsTests.swift in Sources */ = {isa = PBXBuildFile; fileRef = 494565592BB8D6B10056FC15 /* Collection_ExtensionsTests.swift */; };
/* End PBXBuildFile section */

/* Begin PBXContainerItemProxy section */
		494565242BB8A9EE0056FC15 /* PBXContainerItemProxy */ = {
			isa = PBXContainerItemProxy;
			containerPortal = 4945650F2BB8A9EE0056FC15 /* Project object */;
			proxyType = 1;
			remoteGlobalIDString = 494565172BB8A9EE0056FC15;
			remoteInfo = FlowContainers;
		};
/* End PBXContainerItemProxy section */

/* Begin PBXFileReference section */
		494565182BB8A9EE0056FC15 /* FlowContainers.framework */ = {isa = PBXFileReference; explicitFileType = wrapper.framework; includeInIndex = 0; path = FlowContainers.framework; sourceTree = BUILT_PRODUCTS_DIR; };
		4945651B2BB8A9EE0056FC15 /* FlowContainers.h */ = {isa = PBXFileReference; lastKnownFileType = sourcecode.c.h; path = FlowContainers.h; sourceTree = "<group>"; };
		4945651C2BB8A9EE0056FC15 /* FlowContainers.docc */ = {isa = PBXFileReference; lastKnownFileType = folder.documentationcatalog; path = FlowContainers.docc; sourceTree = "<group>"; };
		494565222BB8A9EE0056FC15 /* FlowContainersTests.xctest */ = {isa = PBXFileReference; explicitFileType = wrapper.cfbundle; includeInIndex = 0; path = FlowContainersTests.xctest; sourceTree = BUILT_PRODUCTS_DIR; };
		494565362BB8BF910056FC15 /* DeinitListener.swift */ = {isa = PBXFileReference; lastKnownFileType = sourcecode.swift; path = DeinitListener.swift; sourceTree = "<group>"; };
		4945653A2BB8C1460056FC15 /* DeinitListenerTests.swift */ = {isa = PBXFileReference; lastKnownFileType = sourcecode.swift; path = DeinitListenerTests.swift; sourceTree = "<group>"; };
		4945653E2BB8C2370056FC15 /* UIKit.framework */ = {isa = PBXFileReference; lastKnownFileType = wrapper.framework; name = UIKit.framework; path = Platforms/iPhoneOS.platform/Developer/SDKs/iPhoneOS17.4.sdk/System/Library/Frameworks/UIKit.framework; sourceTree = DEVELOPER_DIR; };
		494565412BB8C2E30056FC15 /* TimeInterval+Configurations.swift */ = {isa = PBXFileReference; lastKnownFileType = sourcecode.swift; path = "TimeInterval+Configurations.swift"; sourceTree = "<group>"; };
		494565452BB8C7E10056FC15 /* FlowContainer.swift */ = {isa = PBXFileReference; lastKnownFileType = sourcecode.swift; path = FlowContainer.swift; sourceTree = "<group>"; };
		494565482BB8CA710056FC15 /* Collection+Extensions.swift */ = {isa = PBXFileReference; lastKnownFileType = sourcecode.swift; path = "Collection+Extensions.swift"; sourceTree = "<group>"; };
		4945654A2BB8CBE50056FC15 /* NavigationBindingDelegate.swift */ = {isa = PBXFileReference; lastKnownFileType = sourcecode.swift; path = NavigationBindingDelegate.swift; sourceTree = "<group>"; };
		4945654C2BB8CF890056FC15 /* UINavigationController+PrivateExtensions.swift */ = {isa = PBXFileReference; lastKnownFileType = sourcecode.swift; path = "UINavigationController+PrivateExtensions.swift"; sourceTree = "<group>"; };
		4945654E2BB8D1D20056FC15 /* UINavigationController+Extensions.swift */ = {isa = PBXFileReference; lastKnownFileType = sourcecode.swift; path = "UINavigationController+Extensions.swift"; sourceTree = "<group>"; };
		494565512BB8D22E0056FC15 /* UIViewController+Extensions.swift */ = {isa = PBXFileReference; lastKnownFileType = sourcecode.swift; path = "UIViewController+Extensions.swift"; sourceTree = "<group>"; };
		494565552BB8D5700056FC15 /* FlowContainerTests.swift */ = {isa = PBXFileReference; lastKnownFileType = sourcecode.swift; path = FlowContainerTests.swift; sourceTree = "<group>"; };
		494565592BB8D6B10056FC15 /* Collection_ExtensionsTests.swift */ = {isa = PBXFileReference; lastKnownFileType = sourcecode.swift; path = Collection_ExtensionsTests.swift; sourceTree = "<group>"; };
/* End PBXFileReference section */

/* Begin PBXFrameworksBuildPhase section */
		494565152BB8A9EE0056FC15 /* Frameworks */ = {
			isa = PBXFrameworksBuildPhase;
			buildActionMask = 2147483647;
			files = (
				4945653F2BB8C2370056FC15 /* UIKit.framework in Frameworks */,
			);
			runOnlyForDeploymentPostprocessing = 0;
		};
		4945651F2BB8A9EE0056FC15 /* Frameworks */ = {
			isa = PBXFrameworksBuildPhase;
			buildActionMask = 2147483647;
			files = (
				494565232BB8A9EE0056FC15 /* FlowContainers.framework in Frameworks */,
			);
			runOnlyForDeploymentPostprocessing = 0;
		};
/* End PBXFrameworksBuildPhase section */

/* Begin PBXGroup section */
		4945650E2BB8A9EE0056FC15 = {
			isa = PBXGroup;
			children = (
				4945651A2BB8A9EE0056FC15 /* Package */,
				494565262BB8A9EE0056FC15 /* UnitTests */,
				494565192BB8A9EE0056FC15 /* Products */,
				4945653D2BB8C2370056FC15 /* Frameworks */,
			);
			sourceTree = "<group>";
		};
		494565192BB8A9EE0056FC15 /* Products */ = {
			isa = PBXGroup;
			children = (
				494565182BB8A9EE0056FC15 /* FlowContainers.framework */,
				494565222BB8A9EE0056FC15 /* FlowContainersTests.xctest */,
			);
			name = Products;
			sourceTree = "<group>";
		};
		4945651A2BB8A9EE0056FC15 /* Package */ = {
			isa = PBXGroup;
			children = (
				494565322BB8BEA80056FC15 /* Source */,
				4945651B2BB8A9EE0056FC15 /* FlowContainers.h */,
				4945651C2BB8A9EE0056FC15 /* FlowContainers.docc */,
			);
			path = Package;
			sourceTree = "<group>";
		};
		494565262BB8A9EE0056FC15 /* UnitTests */ = {
			isa = PBXGroup;
			children = (
				494565532BB8D5520056FC15 /* Public */,
				494565402BB8C2940056FC15 /* _Configurations */,
				494565382BB8C12A0056FC15 /* Private */,
			);
			path = UnitTests;
			sourceTree = "<group>";
		};
		494565322BB8BEA80056FC15 /* Source */ = {
			isa = PBXGroup;
			children = (
				494565342BB8BF610056FC15 /* Private */,
				494565332BB8BF540056FC15 /* Public */,
			);
			path = Source;
			sourceTree = "<group>";
		};
		494565332BB8BF540056FC15 /* Public */ = {
			isa = PBXGroup;
			children = (
				494565442BB8C7CA0056FC15 /* FlowContainer */,
				494565502BB8D1D70056FC15 /* UIKit+Extensions */,
			);
			path = Public;
			sourceTree = "<group>";
		};
		494565342BB8BF610056FC15 /* Private */ = {
			isa = PBXGroup;
			children = (
				494565472BB8CA600056FC15 /* Extensions */,
				494565352BB8BF740056FC15 /* Listeners */,
			);
			path = Private;
			sourceTree = "<group>";
		};
		494565352BB8BF740056FC15 /* Listeners */ = {
			isa = PBXGroup;
			children = (
				494565362BB8BF910056FC15 /* DeinitListener.swift */,
			);
			path = Listeners;
			sourceTree = "<group>";
		};
		494565382BB8C12A0056FC15 /* Private */ = {
			isa = PBXGroup;
			children = (
				494565582BB8D69E0056FC15 /* Extensions */,
				494565392BB8C1350056FC15 /* Listeners */,
			);
			path = Private;
			sourceTree = "<group>";
		};
		494565392BB8C1350056FC15 /* Listeners */ = {
			isa = PBXGroup;
			children = (
				4945653A2BB8C1460056FC15 /* DeinitListenerTests.swift */,
			);
			path = Listeners;
			sourceTree = "<group>";
		};
		4945653D2BB8C2370056FC15 /* Frameworks */ = {
			isa = PBXGroup;
			children = (
				4945653E2BB8C2370056FC15 /* UIKit.framework */,
			);
			name = Frameworks;
			sourceTree = "<group>";
		};
		494565402BB8C2940056FC15 /* _Configurations */ = {
			isa = PBXGroup;
			children = (
				494565412BB8C2E30056FC15 /* TimeInterval+Configurations.swift */,
			);
			path = _Configurations;
			sourceTree = "<group>";
		};
		494565442BB8C7CA0056FC15 /* FlowContainer */ = {
			isa = PBXGroup;
			children = (
				494565452BB8C7E10056FC15 /* FlowContainer.swift */,
				4945654A2BB8CBE50056FC15 /* NavigationBindingDelegate.swift */,
			);
			path = FlowContainer;
			sourceTree = "<group>";
		};
		494565472BB8CA600056FC15 /* Extensions */ = {
			isa = PBXGroup;
			children = (
				494565482BB8CA710056FC15 /* Collection+Extensions.swift */,
				4945654C2BB8CF890056FC15 /* UINavigationController+PrivateExtensions.swift */,
			);
			path = Extensions;
			sourceTree = "<group>";
		};
		494565502BB8D1D70056FC15 /* UIKit+Extensions */ = {
			isa = PBXGroup;
			children = (
				4945654E2BB8D1D20056FC15 /* UINavigationController+Extensions.swift */,
				494565512BB8D22E0056FC15 /* UIViewController+Extensions.swift */,
			);
			path = "UIKit+Extensions";
			sourceTree = "<group>";
		};
		494565532BB8D5520056FC15 /* Public */ = {
			isa = PBXGroup;
			children = (
				494565542BB8D55D0056FC15 /* FlowContainer */,
			);
			path = Public;
			sourceTree = "<group>";
		};
		494565542BB8D55D0056FC15 /* FlowContainer */ = {
			isa = PBXGroup;
			children = (
				494565552BB8D5700056FC15 /* FlowContainerTests.swift */,
			);
			path = FlowContainer;
			sourceTree = "<group>";
		};
		494565582BB8D69E0056FC15 /* Extensions */ = {
			isa = PBXGroup;
			children = (
				494565592BB8D6B10056FC15 /* Collection_ExtensionsTests.swift */,
			);
			path = Extensions;
			sourceTree = "<group>";
		};
/* End PBXGroup section */

/* Begin PBXHeadersBuildPhase section */
		494565132BB8A9EE0056FC15 /* Headers */ = {
			isa = PBXHeadersBuildPhase;
			buildActionMask = 2147483647;
			files = (
				494565292BB8A9EE0056FC15 /* FlowContainers.h in Headers */,
			);
			runOnlyForDeploymentPostprocessing = 0;
		};
/* End PBXHeadersBuildPhase section */

/* Begin PBXNativeTarget section */
		494565172BB8A9EE0056FC15 /* FlowContainers */ = {
			isa = PBXNativeTarget;
			buildConfigurationList = 4945652C2BB8A9EE0056FC15 /* Build configuration list for PBXNativeTarget "FlowContainers" */;
			buildPhases = (
				494565132BB8A9EE0056FC15 /* Headers */,
				494565142BB8A9EE0056FC15 /* Sources */,
				494565152BB8A9EE0056FC15 /* Frameworks */,
				494565162BB8A9EE0056FC15 /* Resources */,
			);
			buildRules = (
			);
			dependencies = (
			);
			name = FlowContainers;
			productName = FlowContainers;
			productReference = 494565182BB8A9EE0056FC15 /* FlowContainers.framework */;
			productType = "com.apple.product-type.framework";
		};
		494565212BB8A9EE0056FC15 /* FlowContainersTests */ = {
			isa = PBXNativeTarget;
			buildConfigurationList = 4945652F2BB8A9EE0056FC15 /* Build configuration list for PBXNativeTarget "FlowContainersTests" */;
			buildPhases = (
				4945651E2BB8A9EE0056FC15 /* Sources */,
				4945651F2BB8A9EE0056FC15 /* Frameworks */,
				494565202BB8A9EE0056FC15 /* Resources */,
			);
			buildRules = (
			);
			dependencies = (
				494565252BB8A9EE0056FC15 /* PBXTargetDependency */,
			);
			name = FlowContainersTests;
			productName = FlowContainersTests;
			productReference = 494565222BB8A9EE0056FC15 /* FlowContainersTests.xctest */;
			productType = "com.apple.product-type.bundle.unit-test";
		};
/* End PBXNativeTarget section */

/* Begin PBXProject section */
		4945650F2BB8A9EE0056FC15 /* Project object */ = {
			isa = PBXProject;
			attributes = {
				BuildIndependentTargetsInParallel = 1;
				LastSwiftUpdateCheck = 1530;
				LastUpgradeCheck = 1530;
				TargetAttributes = {
					494565172BB8A9EE0056FC15 = {
						CreatedOnToolsVersion = 15.3;
					};
					494565212BB8A9EE0056FC15 = {
						CreatedOnToolsVersion = 15.3;
					};
				};
			};
			buildConfigurationList = 494565122BB8A9EE0056FC15 /* Build configuration list for PBXProject "FlowContainers" */;
			compatibilityVersion = "Xcode 14.0";
			developmentRegion = en;
			hasScannedForEncodings = 0;
			knownRegions = (
				en,
				Base,
			);
			mainGroup = 4945650E2BB8A9EE0056FC15;
			productRefGroup = 494565192BB8A9EE0056FC15 /* Products */;
			projectDirPath = "";
			projectRoot = "";
			targets = (
				494565172BB8A9EE0056FC15 /* FlowContainers */,
				494565212BB8A9EE0056FC15 /* FlowContainersTests */,
			);
		};
/* End PBXProject section */

/* Begin PBXResourcesBuildPhase section */
		494565162BB8A9EE0056FC15 /* Resources */ = {
			isa = PBXResourcesBuildPhase;
			buildActionMask = 2147483647;
			files = (
			);
			runOnlyForDeploymentPostprocessing = 0;
		};
		494565202BB8A9EE0056FC15 /* Resources */ = {
			isa = PBXResourcesBuildPhase;
			buildActionMask = 2147483647;
			files = (
			);
			runOnlyForDeploymentPostprocessing = 0;
		};
/* End PBXResourcesBuildPhase section */

/* Begin PBXSourcesBuildPhase section */
		494565142BB8A9EE0056FC15 /* Sources */ = {
			isa = PBXSourcesBuildPhase;
			buildActionMask = 2147483647;
			files = (
				494565372BB8BF910056FC15 /* DeinitListener.swift in Sources */,
				4945654D2BB8CF890056FC15 /* UINavigationController+PrivateExtensions.swift in Sources */,
				4945654B2BB8CBE50056FC15 /* NavigationBindingDelegate.swift in Sources */,
				494565492BB8CA710056FC15 /* Collection+Extensions.swift in Sources */,
				494565522BB8D22E0056FC15 /* UIViewController+Extensions.swift in Sources */,
				4945651D2BB8A9EE0056FC15 /* FlowContainers.docc in Sources */,
				494565462BB8C7E10056FC15 /* FlowContainer.swift in Sources */,
				4945654F2BB8D1D20056FC15 /* UINavigationController+Extensions.swift in Sources */,
			);
			runOnlyForDeploymentPostprocessing = 0;
		};
		4945651E2BB8A9EE0056FC15 /* Sources */ = {
			isa = PBXSourcesBuildPhase;
			buildActionMask = 2147483647;
			files = (
				494565572BB8D5740056FC15 /* FlowContainerTests.swift in Sources */,
				4945653C2BB8C14F0056FC15 /* DeinitListenerTests.swift in Sources */,
				4945655B2BB8D6B40056FC15 /* Collection_ExtensionsTests.swift in Sources */,
				494565422BB8C2E30056FC15 /* TimeInterval+Configurations.swift in Sources */,
			);
			runOnlyForDeploymentPostprocessing = 0;
		};
/* End PBXSourcesBuildPhase section */

/* Begin PBXTargetDependency section */
		494565252BB8A9EE0056FC15 /* PBXTargetDependency */ = {
			isa = PBXTargetDependency;
			target = 494565172BB8A9EE0056FC15 /* FlowContainers */;
			targetProxy = 494565242BB8A9EE0056FC15 /* PBXContainerItemProxy */;
		};
/* End PBXTargetDependency section */

/* Begin XCBuildConfiguration section */
		4945652A2BB8A9EE0056FC15 /* Debug */ = {
			isa = XCBuildConfiguration;
			buildSettings = {
				ALWAYS_SEARCH_USER_PATHS = NO;
				ASSETCATALOG_COMPILER_GENERATE_SWIFT_ASSET_SYMBOL_EXTENSIONS = YES;
				CLANG_ANALYZER_NONNULL = YES;
				CLANG_ANALYZER_NUMBER_OBJECT_CONVERSION = YES_AGGRESSIVE;
				CLANG_CXX_LANGUAGE_STANDARD = "gnu++20";
				CLANG_ENABLE_MODULES = YES;
				CLANG_ENABLE_OBJC_ARC = YES;
				CLANG_ENABLE_OBJC_WEAK = YES;
				CLANG_WARN_BLOCK_CAPTURE_AUTORELEASING = YES;
				CLANG_WARN_BOOL_CONVERSION = YES;
				CLANG_WARN_COMMA = YES;
				CLANG_WARN_CONSTANT_CONVERSION = YES;
				CLANG_WARN_DEPRECATED_OBJC_IMPLEMENTATIONS = YES;
				CLANG_WARN_DIRECT_OBJC_ISA_USAGE = YES_ERROR;
				CLANG_WARN_DOCUMENTATION_COMMENTS = YES;
				CLANG_WARN_EMPTY_BODY = YES;
				CLANG_WARN_ENUM_CONVERSION = YES;
				CLANG_WARN_INFINITE_RECURSION = YES;
				CLANG_WARN_INT_CONVERSION = YES;
				CLANG_WARN_NON_LITERAL_NULL_CONVERSION = YES;
				CLANG_WARN_OBJC_IMPLICIT_RETAIN_SELF = YES;
				CLANG_WARN_OBJC_LITERAL_CONVERSION = YES;
				CLANG_WARN_OBJC_ROOT_CLASS = YES_ERROR;
				CLANG_WARN_QUOTED_INCLUDE_IN_FRAMEWORK_HEADER = YES;
				CLANG_WARN_RANGE_LOOP_ANALYSIS = YES;
				CLANG_WARN_STRICT_PROTOTYPES = YES;
				CLANG_WARN_SUSPICIOUS_MOVE = YES;
				CLANG_WARN_UNGUARDED_AVAILABILITY = YES_AGGRESSIVE;
				CLANG_WARN_UNREACHABLE_CODE = YES;
				CLANG_WARN__DUPLICATE_METHOD_MATCH = YES;
				COPY_PHASE_STRIP = NO;
				CURRENT_PROJECT_VERSION = 1;
				DEBUG_INFORMATION_FORMAT = dwarf;
				ENABLE_STRICT_OBJC_MSGSEND = YES;
				ENABLE_TESTABILITY = YES;
				ENABLE_USER_SCRIPT_SANDBOXING = YES;
				GCC_C_LANGUAGE_STANDARD = gnu17;
				GCC_DYNAMIC_NO_PIC = NO;
				GCC_NO_COMMON_BLOCKS = YES;
				GCC_OPTIMIZATION_LEVEL = 0;
				GCC_PREPROCESSOR_DEFINITIONS = (
					"DEBUG=1",
					"$(inherited)",
				);
				GCC_WARN_64_TO_32_BIT_CONVERSION = YES;
				GCC_WARN_ABOUT_RETURN_TYPE = YES_ERROR;
				GCC_WARN_UNDECLARED_SELECTOR = YES;
				GCC_WARN_UNINITIALIZED_AUTOS = YES_AGGRESSIVE;
				GCC_WARN_UNUSED_FUNCTION = YES;
				GCC_WARN_UNUSED_VARIABLE = YES;
				LOCALIZATION_PREFERS_STRING_CATALOGS = YES;
				MTL_ENABLE_DEBUG_INFO = INCLUDE_SOURCE;
				MTL_FAST_MATH = YES;
				ONLY_ACTIVE_ARCH = YES;
				SWIFT_ACTIVE_COMPILATION_CONDITIONS = "DEBUG $(inherited)";
				SWIFT_OPTIMIZATION_LEVEL = "-Onone";
				VERSIONING_SYSTEM = "apple-generic";
				VERSION_INFO_PREFIX = "";
			};
			name = Debug;
		};
		4945652B2BB8A9EE0056FC15 /* Release */ = {
			isa = XCBuildConfiguration;
			buildSettings = {
				ALWAYS_SEARCH_USER_PATHS = NO;
				ASSETCATALOG_COMPILER_GENERATE_SWIFT_ASSET_SYMBOL_EXTENSIONS = YES;
				CLANG_ANALYZER_NONNULL = YES;
				CLANG_ANALYZER_NUMBER_OBJECT_CONVERSION = YES_AGGRESSIVE;
				CLANG_CXX_LANGUAGE_STANDARD = "gnu++20";
				CLANG_ENABLE_MODULES = YES;
				CLANG_ENABLE_OBJC_ARC = YES;
				CLANG_ENABLE_OBJC_WEAK = YES;
				CLANG_WARN_BLOCK_CAPTURE_AUTORELEASING = YES;
				CLANG_WARN_BOOL_CONVERSION = YES;
				CLANG_WARN_COMMA = YES;
				CLANG_WARN_CONSTANT_CONVERSION = YES;
				CLANG_WARN_DEPRECATED_OBJC_IMPLEMENTATIONS = YES;
				CLANG_WARN_DIRECT_OBJC_ISA_USAGE = YES_ERROR;
				CLANG_WARN_DOCUMENTATION_COMMENTS = YES;
				CLANG_WARN_EMPTY_BODY = YES;
				CLANG_WARN_ENUM_CONVERSION = YES;
				CLANG_WARN_INFINITE_RECURSION = YES;
				CLANG_WARN_INT_CONVERSION = YES;
				CLANG_WARN_NON_LITERAL_NULL_CONVERSION = YES;
				CLANG_WARN_OBJC_IMPLICIT_RETAIN_SELF = YES;
				CLANG_WARN_OBJC_LITERAL_CONVERSION = YES;
				CLANG_WARN_OBJC_ROOT_CLASS = YES_ERROR;
				CLANG_WARN_QUOTED_INCLUDE_IN_FRAMEWORK_HEADER = YES;
				CLANG_WARN_RANGE_LOOP_ANALYSIS = YES;
				CLANG_WARN_STRICT_PROTOTYPES = YES;
				CLANG_WARN_SUSPICIOUS_MOVE = YES;
				CLANG_WARN_UNGUARDED_AVAILABILITY = YES_AGGRESSIVE;
				CLANG_WARN_UNREACHABLE_CODE = YES;
				CLANG_WARN__DUPLICATE_METHOD_MATCH = YES;
				COPY_PHASE_STRIP = NO;
				CURRENT_PROJECT_VERSION = 1;
				DEBUG_INFORMATION_FORMAT = "dwarf-with-dsym";
				ENABLE_NS_ASSERTIONS = NO;
				ENABLE_STRICT_OBJC_MSGSEND = YES;
				ENABLE_USER_SCRIPT_SANDBOXING = YES;
				GCC_C_LANGUAGE_STANDARD = gnu17;
				GCC_NO_COMMON_BLOCKS = YES;
				GCC_WARN_64_TO_32_BIT_CONVERSION = YES;
				GCC_WARN_ABOUT_RETURN_TYPE = YES_ERROR;
				GCC_WARN_UNDECLARED_SELECTOR = YES;
				GCC_WARN_UNINITIALIZED_AUTOS = YES_AGGRESSIVE;
				GCC_WARN_UNUSED_FUNCTION = YES;
				GCC_WARN_UNUSED_VARIABLE = YES;
				LOCALIZATION_PREFERS_STRING_CATALOGS = YES;
				MTL_ENABLE_DEBUG_INFO = NO;
				MTL_FAST_MATH = YES;
				SWIFT_COMPILATION_MODE = wholemodule;
				VERSIONING_SYSTEM = "apple-generic";
				VERSION_INFO_PREFIX = "";
			};
			name = Release;
		};
		4945652D2BB8A9EE0056FC15 /* Debug */ = {
			isa = XCBuildConfiguration;
			buildSettings = {
				ALLOW_TARGET_PLATFORM_SPECIALIZATION = YES;
				BUILD_LIBRARY_FOR_DISTRIBUTION = YES;
				CODE_SIGN_STYLE = Automatic;
				CURRENT_PROJECT_VERSION = 1;
				DEFINES_MODULE = YES;
				DEVELOPMENT_TEAM = 384WS8QBWW;
				DYLIB_COMPATIBILITY_VERSION = 1;
				DYLIB_CURRENT_VERSION = 1;
				DYLIB_INSTALL_NAME_BASE = "@rpath";
				ENABLE_MODULE_VERIFIER = YES;
				GENERATE_INFOPLIST_FILE = YES;
				INFOPLIST_KEY_NSHumanReadableCopyright = "";
				INSTALL_PATH = "$(LOCAL_LIBRARY_DIR)/Frameworks";
				IPHONEOS_DEPLOYMENT_TARGET = 15.0;
				LD_RUNPATH_SEARCH_PATHS = (
					"@executable_path/Frameworks",
					"@loader_path/Frameworks",
				);
				"LD_RUNPATH_SEARCH_PATHS[sdk=macosx*]" = (
					"@executable_path/../Frameworks",
					"@loader_path/Frameworks",
				);
				MACOSX_DEPLOYMENT_TARGET = 14.4;
				MARKETING_VERSION = 1.0;
				MODULE_VERIFIER_SUPPORTED_LANGUAGES = "objective-c objective-c++";
				MODULE_VERIFIER_SUPPORTED_LANGUAGE_STANDARDS = "gnu17 gnu++20";
				PRODUCT_BUNDLE_IDENTIFIER = com.peteschuette.FlowContainers;
				PRODUCT_NAME = "$(TARGET_NAME:c99extidentifier)";
				SDKROOT = auto;
				SKIP_INSTALL = YES;
				SUPPORTED_PLATFORMS = "iphoneos iphonesimulator";
				SUPPORTS_MACCATALYST = NO;
				SWIFT_EMIT_LOC_STRINGS = YES;
				SWIFT_INSTALL_OBJC_HEADER = NO;
				SWIFT_VERSION = 5.0;
				TARGETED_DEVICE_FAMILY = "1,2";
			};
			name = Debug;
		};
		4945652E2BB8A9EE0056FC15 /* Release */ = {
			isa = XCBuildConfiguration;
			buildSettings = {
				ALLOW_TARGET_PLATFORM_SPECIALIZATION = YES;
				BUILD_LIBRARY_FOR_DISTRIBUTION = YES;
				CODE_SIGN_STYLE = Automatic;
				CURRENT_PROJECT_VERSION = 1;
				DEFINES_MODULE = YES;
				DEVELOPMENT_TEAM = 384WS8QBWW;
				DYLIB_COMPATIBILITY_VERSION = 1;
				DYLIB_CURRENT_VERSION = 1;
				DYLIB_INSTALL_NAME_BASE = "@rpath";
				ENABLE_MODULE_VERIFIER = YES;
				GENERATE_INFOPLIST_FILE = YES;
				INFOPLIST_KEY_NSHumanReadableCopyright = "";
				INSTALL_PATH = "$(LOCAL_LIBRARY_DIR)/Frameworks";
				IPHONEOS_DEPLOYMENT_TARGET = 15.0;
				LD_RUNPATH_SEARCH_PATHS = (
					"@executable_path/Frameworks",
					"@loader_path/Frameworks",
				);
				"LD_RUNPATH_SEARCH_PATHS[sdk=macosx*]" = (
					"@executable_path/../Frameworks",
					"@loader_path/Frameworks",
				);
				MACOSX_DEPLOYMENT_TARGET = 14.4;
				MARKETING_VERSION = 1.0;
				MODULE_VERIFIER_SUPPORTED_LANGUAGES = "objective-c objective-c++";
				MODULE_VERIFIER_SUPPORTED_LANGUAGE_STANDARDS = "gnu17 gnu++20";
				PRODUCT_BUNDLE_IDENTIFIER = com.peteschuette.FlowContainers;
				PRODUCT_NAME = "$(TARGET_NAME:c99extidentifier)";
				SDKROOT = auto;
				SKIP_INSTALL = YES;
				SUPPORTED_PLATFORMS = "iphoneos iphonesimulator";
				SUPPORTS_MACCATALYST = NO;
				SWIFT_EMIT_LOC_STRINGS = YES;
				SWIFT_INSTALL_OBJC_HEADER = NO;
				SWIFT_VERSION = 5.0;
				TARGETED_DEVICE_FAMILY = "1,2";
			};
			name = Release;
		};
		494565302BB8A9EE0056FC15 /* Debug */ = {
			isa = XCBuildConfiguration;
			buildSettings = {
				ALLOW_TARGET_PLATFORM_SPECIALIZATION = YES;
				ALWAYS_EMBED_SWIFT_STANDARD_LIBRARIES = YES;
				CODE_SIGN_STYLE = Automatic;
				CURRENT_PROJECT_VERSION = 1;
				DEVELOPMENT_TEAM = 384WS8QBWW;
				GENERATE_INFOPLIST_FILE = YES;
				IPHONEOS_DEPLOYMENT_TARGET = 15.0;
				MACOSX_DEPLOYMENT_TARGET = 14.4;
				MARKETING_VERSION = 1.0;
				PRODUCT_BUNDLE_IDENTIFIER = com.peteschuette.FlowContainersTests;
				PRODUCT_NAME = "$(TARGET_NAME)";
				SDKROOT = auto;
				SUPPORTED_PLATFORMS = "iphoneos iphonesimulator";
				SUPPORTS_MACCATALYST = NO;
				SWIFT_EMIT_LOC_STRINGS = NO;
				SWIFT_VERSION = 5.0;
				TARGETED_DEVICE_FAMILY = "1,2";
			};
			name = Debug;
		};
		494565312BB8A9EE0056FC15 /* Release */ = {
			isa = XCBuildConfiguration;
			buildSettings = {
				ALLOW_TARGET_PLATFORM_SPECIALIZATION = YES;
				ALWAYS_EMBED_SWIFT_STANDARD_LIBRARIES = YES;
				CODE_SIGN_STYLE = Automatic;
				CURRENT_PROJECT_VERSION = 1;
				DEVELOPMENT_TEAM = 384WS8QBWW;
				GENERATE_INFOPLIST_FILE = YES;
				IPHONEOS_DEPLOYMENT_TARGET = 15.0;
				MACOSX_DEPLOYMENT_TARGET = 14.4;
				MARKETING_VERSION = 1.0;
				PRODUCT_BUNDLE_IDENTIFIER = com.peteschuette.FlowContainersTests;
				PRODUCT_NAME = "$(TARGET_NAME)";
				SDKROOT = auto;
				SUPPORTED_PLATFORMS = "iphoneos iphonesimulator";
				SUPPORTS_MACCATALYST = NO;
				SWIFT_EMIT_LOC_STRINGS = NO;
				SWIFT_VERSION = 5.0;
				TARGETED_DEVICE_FAMILY = "1,2";
			};
			name = Release;
		};
/* End XCBuildConfiguration section */

/* Begin XCConfigurationList section */
		494565122BB8A9EE0056FC15 /* Build configuration list for PBXProject "FlowContainers" */ = {
			isa = XCConfigurationList;
			buildConfigurations = (
				4945652A2BB8A9EE0056FC15 /* Debug */,
				4945652B2BB8A9EE0056FC15 /* Release */,
			);
			defaultConfigurationIsVisible = 0;
			defaultConfigurationName = Release;
		};
		4945652C2BB8A9EE0056FC15 /* Build configuration list for PBXNativeTarget "FlowContainers" */ = {
			isa = XCConfigurationList;
			buildConfigurations = (
				4945652D2BB8A9EE0056FC15 /* Debug */,
				4945652E2BB8A9EE0056FC15 /* Release */,
			);
			defaultConfigurationIsVisible = 0;
			defaultConfigurationName = Release;
		};
		4945652F2BB8A9EE0056FC15 /* Build configuration list for PBXNativeTarget "FlowContainersTests" */ = {
			isa = XCConfigurationList;
			buildConfigurations = (
				494565302BB8A9EE0056FC15 /* Debug */,
				494565312BB8A9EE0056FC15 /* Release */,
			);
			defaultConfigurationIsVisible = 0;
			defaultConfigurationName = Release;
		};
/* End XCConfigurationList section */
	};
	rootObject = 4945650F2BB8A9EE0056FC15 /* Project object */;
}
