// !$*UTF8*$!
{
	archiveVersion = 1;
	classes = {
	};
	objectVersion = 56;
	objects = {

/* Begin PBXBuildFile section */
		495624432BBE559800ABB722 /* Assets.xcassets in Resources */ = {isa = PBXBuildFile; fileRef = 495624422BBE559800ABB722 /* Assets.xcassets */; };
		495624472BBE559800ABB722 /* Preview Assets.xcassets in Resources */ = {isa = PBXBuildFile; fileRef = 495624462BBE559800ABB722 /* Preview Assets.xcassets */; };
		495624512BBE559800ABB722 /* FlowContainerSampleTests.swift in Sources */ = {isa = PBXBuildFile; fileRef = 495624502BBE559800ABB722 /* FlowContainerSampleTests.swift */; };
		4956245B2BBE559800ABB722 /* FlowContainerSampleUITests.swift in Sources */ = {isa = PBXBuildFile; fileRef = 4956245A2BBE559800ABB722 /* FlowContainerSampleUITests.swift */; };
		4956245D2BBE559800ABB722 /* FlowContainerSampleUITestsLaunchTests.swift in Sources */ = {isa = PBXBuildFile; fileRef = 4956245C2BBE559800ABB722 /* FlowContainerSampleUITestsLaunchTests.swift */; };
		4956246E2BBE58C000ABB722 /* FlowContainers in Frameworks */ = {isa = PBXBuildFile; productRef = 4956246D2BBE58C000ABB722 /* FlowContainers */; };
		495624702BBE5CF700ABB722 /* AppDelegate.swift in Sources */ = {isa = PBXBuildFile; fileRef = 4956246F2BBE5CF700ABB722 /* AppDelegate.swift */; };
		495624762BC0D45400ABB722 /* SceneDelegate.swift in Sources */ = {isa = PBXBuildFile; fileRef = 495624752BC0D45400ABB722 /* SceneDelegate.swift */; };
		49C351382BC0F59100DAD722 /* AsyncAlgorithms in Frameworks */ = {isa = PBXBuildFile; productRef = 49C351372BC0F59100DAD722 /* AsyncAlgorithms */; };
		49C3513D2BC3051600DAD722 /* FirstRedViewController.swift in Sources */ = {isa = PBXBuildFile; fileRef = 49C3513C2BC3051600DAD722 /* FirstRedViewController.swift */; };
		49C3513F2BC3052800DAD722 /* RedFlowContainer.swift in Sources */ = {isa = PBXBuildFile; fileRef = 49C3513E2BC3052800DAD722 /* RedFlowContainer.swift */; };
		49C351412BC3053B00DAD722 /* SecondRedViewController.swift in Sources */ = {isa = PBXBuildFile; fileRef = 49C351402BC3053B00DAD722 /* SecondRedViewController.swift */; };
		49C351432BC3054900DAD722 /* RedFlowViewControllerFactory.swift in Sources */ = {isa = PBXBuildFile; fileRef = 49C351422BC3054900DAD722 /* RedFlowViewControllerFactory.swift */; };
		49C3514F2BC3185D00DAD722 /* AppFlowContainer.swift in Sources */ = {isa = PBXBuildFile; fileRef = 49C3514E2BC3185D00DAD722 /* AppFlowContainer.swift */; };
		49C351512BC318B800DAD722 /* MainViewController.swift in Sources */ = {isa = PBXBuildFile; fileRef = 49C351502BC318B800DAD722 /* MainViewController.swift */; };
		49C351542BC31AED00DAD722 /* Events.swift in Sources */ = {isa = PBXBuildFile; fileRef = 49C351532BC31AED00DAD722 /* Events.swift */; };
		49C351562BC3216700DAD722 /* Effects.swift in Sources */ = {isa = PBXBuildFile; fileRef = 49C351552BC3216700DAD722 /* Effects.swift */; };
		49C351582BC326C700DAD722 /* State.swift in Sources */ = {isa = PBXBuildFile; fileRef = 49C351572BC326C700DAD722 /* State.swift */; };
		49C3515C2BC32FB500DAD722 /* UIButton+Extensions.swift in Sources */ = {isa = PBXBuildFile; fileRef = 49C3515B2BC32FB500DAD722 /* UIButton+Extensions.swift */; };
		49EB1F4D2BC3440F003F0D01 /* AuthenticationFlowContainer.swift in Sources */ = {isa = PBXBuildFile; fileRef = 49EB1F4C2BC3440F003F0D01 /* AuthenticationFlowContainer.swift */; };
		49EB1F4F2BC344A2003F0D01 /* LoginViewController.swift in Sources */ = {isa = PBXBuildFile; fileRef = 49EB1F4E2BC344A2003F0D01 /* LoginViewController.swift */; };
		49EB1F512BC6497A003F0D01 /* UIView+Extensions.swift in Sources */ = {isa = PBXBuildFile; fileRef = 49EB1F502BC6497A003F0D01 /* UIView+Extensions.swift */; };
/* End PBXBuildFile section */

/* Begin PBXContainerItemProxy section */
		4956244D2BBE559800ABB722 /* PBXContainerItemProxy */ = {
			isa = PBXContainerItemProxy;
			containerPortal = 495624332BBE559700ABB722 /* Project object */;
			proxyType = 1;
			remoteGlobalIDString = 4956243A2BBE559700ABB722;
			remoteInfo = FlowContainerSample;
		};
		495624572BBE559800ABB722 /* PBXContainerItemProxy */ = {
			isa = PBXContainerItemProxy;
			containerPortal = 495624332BBE559700ABB722 /* Project object */;
			proxyType = 1;
			remoteGlobalIDString = 4956243A2BBE559700ABB722;
			remoteInfo = FlowContainerSample;
		};
/* End PBXContainerItemProxy section */

/* Begin PBXFileReference section */
		4956243B2BBE559700ABB722 /* FlowContainerSample.app */ = {isa = PBXFileReference; explicitFileType = wrapper.application; includeInIndex = 0; path = FlowContainerSample.app; sourceTree = BUILT_PRODUCTS_DIR; };
		495624422BBE559800ABB722 /* Assets.xcassets */ = {isa = PBXFileReference; lastKnownFileType = folder.assetcatalog; path = Assets.xcassets; sourceTree = "<group>"; };
		495624442BBE559800ABB722 /* FlowContainerSample.entitlements */ = {isa = PBXFileReference; lastKnownFileType = text.plist.entitlements; path = FlowContainerSample.entitlements; sourceTree = "<group>"; };
		495624462BBE559800ABB722 /* Preview Assets.xcassets */ = {isa = PBXFileReference; lastKnownFileType = folder.assetcatalog; path = "Preview Assets.xcassets"; sourceTree = "<group>"; };
		4956244C2BBE559800ABB722 /* FlowContainerSampleTests.xctest */ = {isa = PBXFileReference; explicitFileType = wrapper.cfbundle; includeInIndex = 0; path = FlowContainerSampleTests.xctest; sourceTree = BUILT_PRODUCTS_DIR; };
		495624502BBE559800ABB722 /* FlowContainerSampleTests.swift */ = {isa = PBXFileReference; lastKnownFileType = sourcecode.swift; path = FlowContainerSampleTests.swift; sourceTree = "<group>"; };
		495624562BBE559800ABB722 /* FlowContainerSampleUITests.xctest */ = {isa = PBXFileReference; explicitFileType = wrapper.cfbundle; includeInIndex = 0; path = FlowContainerSampleUITests.xctest; sourceTree = BUILT_PRODUCTS_DIR; };
		4956245A2BBE559800ABB722 /* FlowContainerSampleUITests.swift */ = {isa = PBXFileReference; lastKnownFileType = sourcecode.swift; path = FlowContainerSampleUITests.swift; sourceTree = "<group>"; };
		4956245C2BBE559800ABB722 /* FlowContainerSampleUITestsLaunchTests.swift */ = {isa = PBXFileReference; lastKnownFileType = sourcecode.swift; path = FlowContainerSampleUITestsLaunchTests.swift; sourceTree = "<group>"; };
		4956246F2BBE5CF700ABB722 /* AppDelegate.swift */ = {isa = PBXFileReference; lastKnownFileType = sourcecode.swift; path = AppDelegate.swift; sourceTree = "<group>"; };
		495624752BC0D45400ABB722 /* SceneDelegate.swift */ = {isa = PBXFileReference; lastKnownFileType = sourcecode.swift; path = SceneDelegate.swift; sourceTree = "<group>"; };
		495624772BC0DA7900ABB722 /* Info.plist */ = {isa = PBXFileReference; lastKnownFileType = text.plist; path = Info.plist; sourceTree = "<group>"; };
		49C3513C2BC3051600DAD722 /* FirstRedViewController.swift */ = {isa = PBXFileReference; lastKnownFileType = sourcecode.swift; path = FirstRedViewController.swift; sourceTree = "<group>"; };
		49C3513E2BC3052800DAD722 /* RedFlowContainer.swift */ = {isa = PBXFileReference; lastKnownFileType = sourcecode.swift; path = RedFlowContainer.swift; sourceTree = "<group>"; };
		49C351402BC3053B00DAD722 /* SecondRedViewController.swift */ = {isa = PBXFileReference; lastKnownFileType = sourcecode.swift; path = SecondRedViewController.swift; sourceTree = "<group>"; };
		49C351422BC3054900DAD722 /* RedFlowViewControllerFactory.swift */ = {isa = PBXFileReference; lastKnownFileType = sourcecode.swift; path = RedFlowViewControllerFactory.swift; sourceTree = "<group>"; };
		49C3514E2BC3185D00DAD722 /* AppFlowContainer.swift */ = {isa = PBXFileReference; lastKnownFileType = sourcecode.swift; path = AppFlowContainer.swift; sourceTree = "<group>"; };
		49C351502BC318B800DAD722 /* MainViewController.swift */ = {isa = PBXFileReference; lastKnownFileType = sourcecode.swift; path = MainViewController.swift; sourceTree = "<group>"; };
		49C351532BC31AED00DAD722 /* Events.swift */ = {isa = PBXFileReference; lastKnownFileType = sourcecode.swift; path = Events.swift; sourceTree = "<group>"; };
		49C351552BC3216700DAD722 /* Effects.swift */ = {isa = PBXFileReference; lastKnownFileType = sourcecode.swift; path = Effects.swift; sourceTree = "<group>"; };
		49C351572BC326C700DAD722 /* State.swift */ = {isa = PBXFileReference; lastKnownFileType = sourcecode.swift; path = State.swift; sourceTree = "<group>"; };
		49C3515B2BC32FB500DAD722 /* UIButton+Extensions.swift */ = {isa = PBXFileReference; lastKnownFileType = sourcecode.swift; path = "UIButton+Extensions.swift"; sourceTree = "<group>"; };
		49EB1F4C2BC3440F003F0D01 /* AuthenticationFlowContainer.swift */ = {isa = PBXFileReference; lastKnownFileType = sourcecode.swift; path = AuthenticationFlowContainer.swift; sourceTree = "<group>"; };
		49EB1F4E2BC344A2003F0D01 /* LoginViewController.swift */ = {isa = PBXFileReference; lastKnownFileType = sourcecode.swift; path = LoginViewController.swift; sourceTree = "<group>"; };
		49EB1F502BC6497A003F0D01 /* UIView+Extensions.swift */ = {isa = PBXFileReference; lastKnownFileType = sourcecode.swift; path = "UIView+Extensions.swift"; sourceTree = "<group>"; };
/* End PBXFileReference section */

/* Begin PBXFrameworksBuildPhase section */
		495624382BBE559700ABB722 /* Frameworks */ = {
			isa = PBXFrameworksBuildPhase;
			buildActionMask = 2147483647;
			files = (
				4956246E2BBE58C000ABB722 /* FlowContainers in Frameworks */,
				49C351382BC0F59100DAD722 /* AsyncAlgorithms in Frameworks */,
			);
			runOnlyForDeploymentPostprocessing = 0;
		};
		495624492BBE559800ABB722 /* Frameworks */ = {
			isa = PBXFrameworksBuildPhase;
			buildActionMask = 2147483647;
			files = (
			);
			runOnlyForDeploymentPostprocessing = 0;
		};
		495624532BBE559800ABB722 /* Frameworks */ = {
			isa = PBXFrameworksBuildPhase;
			buildActionMask = 2147483647;
			files = (
			);
			runOnlyForDeploymentPostprocessing = 0;
		};
/* End PBXFrameworksBuildPhase section */

/* Begin PBXGroup section */
		495624322BBE559700ABB722 = {
			isa = PBXGroup;
			children = (
				4956243D2BBE559700ABB722 /* FlowContainerSample */,
				4956244F2BBE559800ABB722 /* FlowContainerSampleTests */,
				495624592BBE559800ABB722 /* FlowContainerSampleUITests */,
				4956243C2BBE559700ABB722 /* Products */,
			);
			sourceTree = "<group>";
		};
		4956243C2BBE559700ABB722 /* Products */ = {
			isa = PBXGroup;
			children = (
				4956243B2BBE559700ABB722 /* FlowContainerSample.app */,
				4956244C2BBE559800ABB722 /* FlowContainerSampleTests.xctest */,
				495624562BBE559800ABB722 /* FlowContainerSampleUITests.xctest */,
			);
			name = Products;
			sourceTree = "<group>";
		};
		4956243D2BBE559700ABB722 /* FlowContainerSample */ = {
			isa = PBXGroup;
			children = (
				49EB1F4B2BC34391003F0D01 /* AuthenticationFlow */,
				49C351592BC32FA300DAD722 /* Extensions */,
				49C351522BC31A9A00DAD722 /* Redux */,
				49C3514D2BC3184E00DAD722 /* AppSceneFlow */,
				49C3513B2BC304F800DAD722 /* RedFlow */,
				495624772BC0DA7900ABB722 /* Info.plist */,
				495624422BBE559800ABB722 /* Assets.xcassets */,
				495624442BBE559800ABB722 /* FlowContainerSample.entitlements */,
				495624452BBE559800ABB722 /* Preview Content */,
				4956246F2BBE5CF700ABB722 /* AppDelegate.swift */,
				495624752BC0D45400ABB722 /* SceneDelegate.swift */,
			);
			path = FlowContainerSample;
			sourceTree = "<group>";
		};
		495624452BBE559800ABB722 /* Preview Content */ = {
			isa = PBXGroup;
			children = (
				495624462BBE559800ABB722 /* Preview Assets.xcassets */,
			);
			path = "Preview Content";
			sourceTree = "<group>";
		};
		4956244F2BBE559800ABB722 /* FlowContainerSampleTests */ = {
			isa = PBXGroup;
			children = (
				495624502BBE559800ABB722 /* FlowContainerSampleTests.swift */,
			);
			path = FlowContainerSampleTests;
			sourceTree = "<group>";
		};
		495624592BBE559800ABB722 /* FlowContainerSampleUITests */ = {
			isa = PBXGroup;
			children = (
				4956245A2BBE559800ABB722 /* FlowContainerSampleUITests.swift */,
				4956245C2BBE559800ABB722 /* FlowContainerSampleUITestsLaunchTests.swift */,
			);
			path = FlowContainerSampleUITests;
			sourceTree = "<group>";
		};
		49C3513B2BC304F800DAD722 /* RedFlow */ = {
			isa = PBXGroup;
			children = (
				49C3513C2BC3051600DAD722 /* FirstRedViewController.swift */,
				49C3513E2BC3052800DAD722 /* RedFlowContainer.swift */,
				49C351402BC3053B00DAD722 /* SecondRedViewController.swift */,
				49C351422BC3054900DAD722 /* RedFlowViewControllerFactory.swift */,
			);
			path = RedFlow;
			sourceTree = "<group>";
		};
		49C3514D2BC3184E00DAD722 /* AppSceneFlow */ = {
			isa = PBXGroup;
			children = (
				49C3514E2BC3185D00DAD722 /* AppFlowContainer.swift */,
				49C351502BC318B800DAD722 /* MainViewController.swift */,
			);
			path = AppSceneFlow;
			sourceTree = "<group>";
		};
		49C351522BC31A9A00DAD722 /* Redux */ = {
			isa = PBXGroup;
			children = (
				49C351532BC31AED00DAD722 /* Events.swift */,
				49C351552BC3216700DAD722 /* Effects.swift */,
				49C351572BC326C700DAD722 /* State.swift */,
			);
			path = Redux;
			sourceTree = "<group>";
		};
		49C351592BC32FA300DAD722 /* Extensions */ = {
			isa = PBXGroup;
			children = (
				49C3515A2BC32FA900DAD722 /* UIKit */,
			);
			path = Extensions;
			sourceTree = "<group>";
		};
		49C3515A2BC32FA900DAD722 /* UIKit */ = {
			isa = PBXGroup;
			children = (
				49C3515B2BC32FB500DAD722 /* UIButton+Extensions.swift */,
				49EB1F502BC6497A003F0D01 /* UIView+Extensions.swift */,
			);
			path = UIKit;
			sourceTree = "<group>";
		};
		49EB1F4B2BC34391003F0D01 /* AuthenticationFlow */ = {
			isa = PBXGroup;
			children = (
				49EB1F4C2BC3440F003F0D01 /* AuthenticationFlowContainer.swift */,
				49EB1F4E2BC344A2003F0D01 /* LoginViewController.swift */,
			);
			path = AuthenticationFlow;
			sourceTree = "<group>";
		};
/* End PBXGroup section */

/* Begin PBXNativeTarget section */
		4956243A2BBE559700ABB722 /* FlowContainerSample */ = {
			isa = PBXNativeTarget;
			buildConfigurationList = 495624602BBE559800ABB722 /* Build configuration list for PBXNativeTarget "FlowContainerSample" */;
			buildPhases = (
				495624372BBE559700ABB722 /* Sources */,
				495624382BBE559700ABB722 /* Frameworks */,
				495624392BBE559700ABB722 /* Resources */,
			);
			buildRules = (
			);
			dependencies = (
			);
			name = FlowContainerSample;
			packageProductDependencies = (
				4956246D2BBE58C000ABB722 /* FlowContainers */,
				49C351372BC0F59100DAD722 /* AsyncAlgorithms */,
			);
			productName = FlowContainerSample;
			productReference = 4956243B2BBE559700ABB722 /* FlowContainerSample.app */;
			productType = "com.apple.product-type.application";
		};
		4956244B2BBE559800ABB722 /* FlowContainerSampleTests */ = {
			isa = PBXNativeTarget;
			buildConfigurationList = 495624632BBE559800ABB722 /* Build configuration list for PBXNativeTarget "FlowContainerSampleTests" */;
			buildPhases = (
				495624482BBE559800ABB722 /* Sources */,
				495624492BBE559800ABB722 /* Frameworks */,
				4956244A2BBE559800ABB722 /* Resources */,
			);
			buildRules = (
			);
			dependencies = (
				4956244E2BBE559800ABB722 /* PBXTargetDependency */,
			);
			name = FlowContainerSampleTests;
			productName = FlowContainerSampleTests;
			productReference = 4956244C2BBE559800ABB722 /* FlowContainerSampleTests.xctest */;
			productType = "com.apple.product-type.bundle.unit-test";
		};
		495624552BBE559800ABB722 /* FlowContainerSampleUITests */ = {
			isa = PBXNativeTarget;
			buildConfigurationList = 495624662BBE559800ABB722 /* Build configuration list for PBXNativeTarget "FlowContainerSampleUITests" */;
			buildPhases = (
				495624522BBE559800ABB722 /* Sources */,
				495624532BBE559800ABB722 /* Frameworks */,
				495624542BBE559800ABB722 /* Resources */,
			);
			buildRules = (
			);
			dependencies = (
				495624582BBE559800ABB722 /* PBXTargetDependency */,
			);
			name = FlowContainerSampleUITests;
			productName = FlowContainerSampleUITests;
			productReference = 495624562BBE559800ABB722 /* FlowContainerSampleUITests.xctest */;
			productType = "com.apple.product-type.bundle.ui-testing";
		};
/* End PBXNativeTarget section */

/* Begin PBXProject section */
		495624332BBE559700ABB722 /* Project object */ = {
			isa = PBXProject;
			attributes = {
				BuildIndependentTargetsInParallel = 1;
				LastSwiftUpdateCheck = 1530;
				LastUpgradeCheck = 1530;
				TargetAttributes = {
					4956243A2BBE559700ABB722 = {
						CreatedOnToolsVersion = 15.3;
					};
					4956244B2BBE559800ABB722 = {
						CreatedOnToolsVersion = 15.3;
						TestTargetID = 4956243A2BBE559700ABB722;
					};
					495624552BBE559800ABB722 = {
						CreatedOnToolsVersion = 15.3;
						TestTargetID = 4956243A2BBE559700ABB722;
					};
				};
			};
			buildConfigurationList = 495624362BBE559700ABB722 /* Build configuration list for PBXProject "FlowContainerSample" */;
			compatibilityVersion = "Xcode 14.0";
			developmentRegion = en;
			hasScannedForEncodings = 0;
			knownRegions = (
				en,
				Base,
			);
			mainGroup = 495624322BBE559700ABB722;
			packageReferences = (
				4956246C2BBE58C000ABB722 /* XCRemoteSwiftPackageReference "FlowContainers" */,
				49C351362BC0F59100DAD722 /* XCRemoteSwiftPackageReference "swift-async-algorithms" */,
			);
			productRefGroup = 4956243C2BBE559700ABB722 /* Products */;
			projectDirPath = "";
			projectRoot = "";
			targets = (
				4956243A2BBE559700ABB722 /* FlowContainerSample */,
				4956244B2BBE559800ABB722 /* FlowContainerSampleTests */,
				495624552BBE559800ABB722 /* FlowContainerSampleUITests */,
			);
		};
/* End PBXProject section */

/* Begin PBXResourcesBuildPhase section */
		495624392BBE559700ABB722 /* Resources */ = {
			isa = PBXResourcesBuildPhase;
			buildActionMask = 2147483647;
			files = (
				495624472BBE559800ABB722 /* Preview Assets.xcassets in Resources */,
				495624432BBE559800ABB722 /* Assets.xcassets in Resources */,
			);
			runOnlyForDeploymentPostprocessing = 0;
		};
		4956244A2BBE559800ABB722 /* Resources */ = {
			isa = PBXResourcesBuildPhase;
			buildActionMask = 2147483647;
			files = (
			);
			runOnlyForDeploymentPostprocessing = 0;
		};
		495624542BBE559800ABB722 /* Resources */ = {
			isa = PBXResourcesBuildPhase;
			buildActionMask = 2147483647;
			files = (
			);
			runOnlyForDeploymentPostprocessing = 0;
		};
/* End PBXResourcesBuildPhase section */

/* Begin PBXSourcesBuildPhase section */
		495624372BBE559700ABB722 /* Sources */ = {
			isa = PBXSourcesBuildPhase;
			buildActionMask = 2147483647;
			files = (
				49EB1F4F2BC344A2003F0D01 /* LoginViewController.swift in Sources */,
				49C3514F2BC3185D00DAD722 /* AppFlowContainer.swift in Sources */,
				49C351412BC3053B00DAD722 /* SecondRedViewController.swift in Sources */,
				49C351542BC31AED00DAD722 /* Events.swift in Sources */,
				495624762BC0D45400ABB722 /* SceneDelegate.swift in Sources */,
				495624702BBE5CF700ABB722 /* AppDelegate.swift in Sources */,
				49C351432BC3054900DAD722 /* RedFlowViewControllerFactory.swift in Sources */,
				49C351512BC318B800DAD722 /* MainViewController.swift in Sources */,
				49C351582BC326C700DAD722 /* State.swift in Sources */,
				49C3513D2BC3051600DAD722 /* FirstRedViewController.swift in Sources */,
				49C3515C2BC32FB500DAD722 /* UIButton+Extensions.swift in Sources */,
				49C351562BC3216700DAD722 /* Effects.swift in Sources */,
				49EB1F512BC6497A003F0D01 /* UIView+Extensions.swift in Sources */,
				49C3513F2BC3052800DAD722 /* RedFlowContainer.swift in Sources */,
				49EB1F4D2BC3440F003F0D01 /* AuthenticationFlowContainer.swift in Sources */,
			);
			runOnlyForDeploymentPostprocessing = 0;
		};
		495624482BBE559800ABB722 /* Sources */ = {
			isa = PBXSourcesBuildPhase;
			buildActionMask = 2147483647;
			files = (
				495624512BBE559800ABB722 /* FlowContainerSampleTests.swift in Sources */,
			);
			runOnlyForDeploymentPostprocessing = 0;
		};
		495624522BBE559800ABB722 /* Sources */ = {
			isa = PBXSourcesBuildPhase;
			buildActionMask = 2147483647;
			files = (
				4956245D2BBE559800ABB722 /* FlowContainerSampleUITestsLaunchTests.swift in Sources */,
				4956245B2BBE559800ABB722 /* FlowContainerSampleUITests.swift in Sources */,
			);
			runOnlyForDeploymentPostprocessing = 0;
		};
/* End PBXSourcesBuildPhase section */

/* Begin PBXTargetDependency section */
		4956244E2BBE559800ABB722 /* PBXTargetDependency */ = {
			isa = PBXTargetDependency;
			target = 4956243A2BBE559700ABB722 /* FlowContainerSample */;
			targetProxy = 4956244D2BBE559800ABB722 /* PBXContainerItemProxy */;
		};
		495624582BBE559800ABB722 /* PBXTargetDependency */ = {
			isa = PBXTargetDependency;
			target = 4956243A2BBE559700ABB722 /* FlowContainerSample */;
			targetProxy = 495624572BBE559800ABB722 /* PBXContainerItemProxy */;
		};
/* End PBXTargetDependency section */

/* Begin XCBuildConfiguration section */
		4956245E2BBE559800ABB722 /* Debug */ = {
			isa = XCBuildConfiguration;
			buildSettings = {
				ALWAYS_SEARCH_USER_PATHS = NO;
				ASSETCATALOG_COMPILER_GENERATE_SWIFT_ASSET_SYMBOL_EXTENSIONS = YES;
				CLANG_ANALYZER_NONNULL = YES;
				CLANG_ANALYZER_NUMBER_OBJECT_CONVERSION = YES_AGGRESSIVE;
				CLANG_CXX_LANGUAGE_STANDARD = "gnu++20";
				CLANG_ENABLE_MODULES = YES;
				CLANG_ENABLE_OBJC_ARC = YES;
				CLANG_ENABLE_OBJC_WEAK = YES;
				CLANG_WARN_BLOCK_CAPTURE_AUTORELEASING = YES;
				CLANG_WARN_BOOL_CONVERSION = YES;
				CLANG_WARN_COMMA = YES;
				CLANG_WARN_CONSTANT_CONVERSION = YES;
				CLANG_WARN_DEPRECATED_OBJC_IMPLEMENTATIONS = YES;
				CLANG_WARN_DIRECT_OBJC_ISA_USAGE = YES_ERROR;
				CLANG_WARN_DOCUMENTATION_COMMENTS = YES;
				CLANG_WARN_EMPTY_BODY = YES;
				CLANG_WARN_ENUM_CONVERSION = YES;
				CLANG_WARN_INFINITE_RECURSION = YES;
				CLANG_WARN_INT_CONVERSION = YES;
				CLANG_WARN_NON_LITERAL_NULL_CONVERSION = YES;
				CLANG_WARN_OBJC_IMPLICIT_RETAIN_SELF = YES;
				CLANG_WARN_OBJC_LITERAL_CONVERSION = YES;
				CLANG_WARN_OBJC_ROOT_CLASS = YES_ERROR;
				CLANG_WARN_QUOTED_INCLUDE_IN_FRAMEWORK_HEADER = YES;
				CLANG_WARN_RANGE_LOOP_ANALYSIS = YES;
				CLANG_WARN_STRICT_PROTOTYPES = YES;
				CLANG_WARN_SUSPICIOUS_MOVE = YES;
				CLANG_WARN_UNGUARDED_AVAILABILITY = YES_AGGRESSIVE;
				CLANG_WARN_UNREACHABLE_CODE = YES;
				CLANG_WARN__DUPLICATE_METHOD_MATCH = YES;
				COPY_PHASE_STRIP = NO;
				DEBUG_INFORMATION_FORMAT = dwarf;
				ENABLE_STRICT_OBJC_MSGSEND = YES;
				ENABLE_TESTABILITY = YES;
				ENABLE_USER_SCRIPT_SANDBOXING = YES;
				GCC_C_LANGUAGE_STANDARD = gnu17;
				GCC_DYNAMIC_NO_PIC = NO;
				GCC_NO_COMMON_BLOCKS = YES;
				GCC_OPTIMIZATION_LEVEL = 0;
				GCC_PREPROCESSOR_DEFINITIONS = (
					"DEBUG=1",
					"$(inherited)",
				);
				GCC_WARN_64_TO_32_BIT_CONVERSION = YES;
				GCC_WARN_ABOUT_RETURN_TYPE = YES_ERROR;
				GCC_WARN_UNDECLARED_SELECTOR = YES;
				GCC_WARN_UNINITIALIZED_AUTOS = YES_AGGRESSIVE;
				GCC_WARN_UNUSED_FUNCTION = YES;
				GCC_WARN_UNUSED_VARIABLE = YES;
				INFOPLIST_KEY_UIApplicationSceneManifest_Generation = YES;
				LOCALIZATION_PREFERS_STRING_CATALOGS = YES;
				MTL_ENABLE_DEBUG_INFO = INCLUDE_SOURCE;
				MTL_FAST_MATH = YES;
				ONLY_ACTIVE_ARCH = YES;
				SWIFT_ACTIVE_COMPILATION_CONDITIONS = "DEBUG $(inherited)";
				SWIFT_OPTIMIZATION_LEVEL = "-Onone";
			};
			name = Debug;
		};
		4956245F2BBE559800ABB722 /* Release */ = {
			isa = XCBuildConfiguration;
			buildSettings = {
				ALWAYS_SEARCH_USER_PATHS = NO;
				ASSETCATALOG_COMPILER_GENERATE_SWIFT_ASSET_SYMBOL_EXTENSIONS = YES;
				CLANG_ANALYZER_NONNULL = YES;
				CLANG_ANALYZER_NUMBER_OBJECT_CONVERSION = YES_AGGRESSIVE;
				CLANG_CXX_LANGUAGE_STANDARD = "gnu++20";
				CLANG_ENABLE_MODULES = YES;
				CLANG_ENABLE_OBJC_ARC = YES;
				CLANG_ENABLE_OBJC_WEAK = YES;
				CLANG_WARN_BLOCK_CAPTURE_AUTORELEASING = YES;
				CLANG_WARN_BOOL_CONVERSION = YES;
				CLANG_WARN_COMMA = YES;
				CLANG_WARN_CONSTANT_CONVERSION = YES;
				CLANG_WARN_DEPRECATED_OBJC_IMPLEMENTATIONS = YES;
				CLANG_WARN_DIRECT_OBJC_ISA_USAGE = YES_ERROR;
				CLANG_WARN_DOCUMENTATION_COMMENTS = YES;
				CLANG_WARN_EMPTY_BODY = YES;
				CLANG_WARN_ENUM_CONVERSION = YES;
				CLANG_WARN_INFINITE_RECURSION = YES;
				CLANG_WARN_INT_CONVERSION = YES;
				CLANG_WARN_NON_LITERAL_NULL_CONVERSION = YES;
				CLANG_WARN_OBJC_IMPLICIT_RETAIN_SELF = YES;
				CLANG_WARN_OBJC_LITERAL_CONVERSION = YES;
				CLANG_WARN_OBJC_ROOT_CLASS = YES_ERROR;
				CLANG_WARN_QUOTED_INCLUDE_IN_FRAMEWORK_HEADER = YES;
				CLANG_WARN_RANGE_LOOP_ANALYSIS = YES;
				CLANG_WARN_STRICT_PROTOTYPES = YES;
				CLANG_WARN_SUSPICIOUS_MOVE = YES;
				CLANG_WARN_UNGUARDED_AVAILABILITY = YES_AGGRESSIVE;
				CLANG_WARN_UNREACHABLE_CODE = YES;
				CLANG_WARN__DUPLICATE_METHOD_MATCH = YES;
				COPY_PHASE_STRIP = NO;
				DEBUG_INFORMATION_FORMAT = "dwarf-with-dsym";
				ENABLE_NS_ASSERTIONS = NO;
				ENABLE_STRICT_OBJC_MSGSEND = YES;
				ENABLE_USER_SCRIPT_SANDBOXING = YES;
				GCC_C_LANGUAGE_STANDARD = gnu17;
				GCC_NO_COMMON_BLOCKS = YES;
				GCC_WARN_64_TO_32_BIT_CONVERSION = YES;
				GCC_WARN_ABOUT_RETURN_TYPE = YES_ERROR;
				GCC_WARN_UNDECLARED_SELECTOR = YES;
				GCC_WARN_UNINITIALIZED_AUTOS = YES_AGGRESSIVE;
				GCC_WARN_UNUSED_FUNCTION = YES;
				GCC_WARN_UNUSED_VARIABLE = YES;
				INFOPLIST_KEY_UIApplicationSceneManifest_Generation = YES;
				LOCALIZATION_PREFERS_STRING_CATALOGS = YES;
				MTL_ENABLE_DEBUG_INFO = NO;
				MTL_FAST_MATH = YES;
				SWIFT_COMPILATION_MODE = wholemodule;
			};
			name = Release;
		};
		495624612BBE559800ABB722 /* Debug */ = {
			isa = XCBuildConfiguration;
			buildSettings = {
				ASSETCATALOG_COMPILER_APPICON_NAME = AppIcon;
				ASSETCATALOG_COMPILER_GLOBAL_ACCENT_COLOR_NAME = AccentColor;
				CODE_SIGN_ENTITLEMENTS = FlowContainerSample/FlowContainerSample.entitlements;
				CODE_SIGN_STYLE = Automatic;
				CURRENT_PROJECT_VERSION = 1;
				DEVELOPMENT_ASSET_PATHS = "\"FlowContainerSample/Preview Content\"";
				DEVELOPMENT_TEAM = 384WS8QBWW;
				ENABLE_HARDENED_RUNTIME = YES;
				ENABLE_PREVIEWS = YES;
				GENERATE_INFOPLIST_FILE = YES;
				INFOPLIST_FILE = FlowContainerSample/Info.plist;
				"INFOPLIST_KEY_UIApplicationSceneManifest_Generation[sdk=iphoneos*]" = YES;
				"INFOPLIST_KEY_UIApplicationSceneManifest_Generation[sdk=iphonesimulator*]" = YES;
				INFOPLIST_KEY_UIApplicationSupportsIndirectInputEvents = YES;
				"INFOPLIST_KEY_UIApplicationSupportsIndirectInputEvents[sdk=iphoneos*]" = YES;
				"INFOPLIST_KEY_UIApplicationSupportsIndirectInputEvents[sdk=iphonesimulator*]" = YES;
				INFOPLIST_KEY_UILaunchScreen_Generation = YES;
				"INFOPLIST_KEY_UILaunchScreen_Generation[sdk=iphoneos*]" = YES;
				"INFOPLIST_KEY_UILaunchScreen_Generation[sdk=iphonesimulator*]" = YES;
				INFOPLIST_KEY_UIStatusBarStyle = UIStatusBarStyleDefault;
				"INFOPLIST_KEY_UIStatusBarStyle[sdk=iphoneos*]" = UIStatusBarStyleDefault;
				"INFOPLIST_KEY_UIStatusBarStyle[sdk=iphonesimulator*]" = UIStatusBarStyleDefault;
				INFOPLIST_KEY_UISupportedInterfaceOrientations = UIInterfaceOrientationPortrait;
				INFOPLIST_KEY_UISupportedInterfaceOrientations_iPad = "UIInterfaceOrientationLandscapeLeft UIInterfaceOrientationLandscapeRight UIInterfaceOrientationPortrait UIInterfaceOrientationPortraitUpsideDown";
				IPHONEOS_DEPLOYMENT_TARGET = 16.0;
				LD_RUNPATH_SEARCH_PATHS = "@executable_path/Frameworks";
				"LD_RUNPATH_SEARCH_PATHS[sdk=macosx*]" = "@executable_path/../Frameworks";
				MACOSX_DEPLOYMENT_TARGET = 14.4;
				MARKETING_VERSION = 1.0;
				PRODUCT_BUNDLE_IDENTIFIER = com.peteschuette.FlowContainerSample;
				PRODUCT_NAME = "$(TARGET_NAME)";
				SDKROOT = iphoneos;
				SUPPORTED_PLATFORMS = "iphoneos iphonesimulator";
				SUPPORTS_MACCATALYST = NO;
				SUPPORTS_MAC_DESIGNED_FOR_IPHONE_IPAD = NO;
				SUPPORTS_XR_DESIGNED_FOR_IPHONE_IPAD = NO;
				SWIFT_EMIT_LOC_STRINGS = YES;
				SWIFT_VERSION = 5.0;
				TARGETED_DEVICE_FAMILY = 1;
			};
			name = Debug;
		};
		495624622BBE559800ABB722 /* Release */ = {
			isa = XCBuildConfiguration;
			buildSettings = {
				ASSETCATALOG_COMPILER_APPICON_NAME = AppIcon;
				ASSETCATALOG_COMPILER_GLOBAL_ACCENT_COLOR_NAME = AccentColor;
				CODE_SIGN_ENTITLEMENTS = FlowContainerSample/FlowContainerSample.entitlements;
				CODE_SIGN_STYLE = Automatic;
				CURRENT_PROJECT_VERSION = 1;
				DEVELOPMENT_ASSET_PATHS = "\"FlowContainerSample/Preview Content\"";
				DEVELOPMENT_TEAM = 384WS8QBWW;
				ENABLE_HARDENED_RUNTIME = YES;
				ENABLE_PREVIEWS = YES;
				GENERATE_INFOPLIST_FILE = YES;
				INFOPLIST_FILE = FlowContainerSample/Info.plist;
				"INFOPLIST_KEY_UIApplicationSceneManifest_Generation[sdk=iphoneos*]" = YES;
				"INFOPLIST_KEY_UIApplicationSceneManifest_Generation[sdk=iphonesimulator*]" = YES;
				INFOPLIST_KEY_UIApplicationSupportsIndirectInputEvents = YES;
				"INFOPLIST_KEY_UIApplicationSupportsIndirectInputEvents[sdk=iphoneos*]" = YES;
				"INFOPLIST_KEY_UIApplicationSupportsIndirectInputEvents[sdk=iphonesimulator*]" = YES;
				INFOPLIST_KEY_UILaunchScreen_Generation = YES;
				"INFOPLIST_KEY_UILaunchScreen_Generation[sdk=iphoneos*]" = YES;
				"INFOPLIST_KEY_UILaunchScreen_Generation[sdk=iphonesimulator*]" = YES;
				INFOPLIST_KEY_UIStatusBarStyle = UIStatusBarStyleDefault;
				"INFOPLIST_KEY_UIStatusBarStyle[sdk=iphoneos*]" = UIStatusBarStyleDefault;
				"INFOPLIST_KEY_UIStatusBarStyle[sdk=iphonesimulator*]" = UIStatusBarStyleDefault;
				INFOPLIST_KEY_UISupportedInterfaceOrientations = UIInterfaceOrientationPortrait;
				INFOPLIST_KEY_UISupportedInterfaceOrientations_iPad = "UIInterfaceOrientationLandscapeLeft UIInterfaceOrientationLandscapeRight UIInterfaceOrientationPortrait UIInterfaceOrientationPortraitUpsideDown";
				IPHONEOS_DEPLOYMENT_TARGET = 16.0;
				LD_RUNPATH_SEARCH_PATHS = "@executable_path/Frameworks";
				"LD_RUNPATH_SEARCH_PATHS[sdk=macosx*]" = "@executable_path/../Frameworks";
				MACOSX_DEPLOYMENT_TARGET = 14.4;
				MARKETING_VERSION = 1.0;
				PRODUCT_BUNDLE_IDENTIFIER = com.peteschuette.FlowContainerSample;
				PRODUCT_NAME = "$(TARGET_NAME)";
				SDKROOT = iphoneos;
				SUPPORTED_PLATFORMS = "iphoneos iphonesimulator";
				SUPPORTS_MACCATALYST = NO;
				SUPPORTS_MAC_DESIGNED_FOR_IPHONE_IPAD = NO;
				SUPPORTS_XR_DESIGNED_FOR_IPHONE_IPAD = NO;
				SWIFT_EMIT_LOC_STRINGS = YES;
				SWIFT_VERSION = 5.0;
				TARGETED_DEVICE_FAMILY = 1;
			};
			name = Release;
		};
		495624642BBE559800ABB722 /* Debug */ = {
			isa = XCBuildConfiguration;
			buildSettings = {
				ALWAYS_EMBED_SWIFT_STANDARD_LIBRARIES = YES;
				BUNDLE_LOADER = "$(TEST_HOST)";
				CODE_SIGN_STYLE = Automatic;
				CURRENT_PROJECT_VERSION = 1;
				DEVELOPMENT_TEAM = 384WS8QBWW;
				GENERATE_INFOPLIST_FILE = YES;
				IPHONEOS_DEPLOYMENT_TARGET = 17.4;
				MACOSX_DEPLOYMENT_TARGET = 14.4;
				MARKETING_VERSION = 1.0;
				PRODUCT_BUNDLE_IDENTIFIER = com.peteschuette.FlowContainerSampleTests;
				PRODUCT_NAME = "$(TARGET_NAME)";
				SDKROOT = iphoneos;
				SUPPORTED_PLATFORMS = "iphoneos iphonesimulator";
				SUPPORTS_MACCATALYST = NO;
				SWIFT_EMIT_LOC_STRINGS = NO;
				SWIFT_VERSION = 5.0;
				TARGETED_DEVICE_FAMILY = "1,2";
				TEST_HOST = "$(BUILT_PRODUCTS_DIR)/FlowContainerSample.app/$(BUNDLE_EXECUTABLE_FOLDER_PATH)/FlowContainerSample";
			};
			name = Debug;
		};
		495624652BBE559800ABB722 /* Release */ = {
			isa = XCBuildConfiguration;
			buildSettings = {
				ALWAYS_EMBED_SWIFT_STANDARD_LIBRARIES = YES;
				BUNDLE_LOADER = "$(TEST_HOST)";
				CODE_SIGN_STYLE = Automatic;
				CURRENT_PROJECT_VERSION = 1;
				DEVELOPMENT_TEAM = 384WS8QBWW;
				GENERATE_INFOPLIST_FILE = YES;
				IPHONEOS_DEPLOYMENT_TARGET = 17.4;
				MACOSX_DEPLOYMENT_TARGET = 14.4;
				MARKETING_VERSION = 1.0;
				PRODUCT_BUNDLE_IDENTIFIER = com.peteschuette.FlowContainerSampleTests;
				PRODUCT_NAME = "$(TARGET_NAME)";
				SDKROOT = iphoneos;
				SUPPORTED_PLATFORMS = "iphoneos iphonesimulator";
				SUPPORTS_MACCATALYST = NO;
				SWIFT_EMIT_LOC_STRINGS = NO;
				SWIFT_VERSION = 5.0;
				TARGETED_DEVICE_FAMILY = "1,2";
				TEST_HOST = "$(BUILT_PRODUCTS_DIR)/FlowContainerSample.app/$(BUNDLE_EXECUTABLE_FOLDER_PATH)/FlowContainerSample";
			};
			name = Release;
		};
		495624672BBE559800ABB722 /* Debug */ = {
			isa = XCBuildConfiguration;
			buildSettings = {
				ALWAYS_EMBED_SWIFT_STANDARD_LIBRARIES = YES;
				CODE_SIGN_STYLE = Automatic;
				CURRENT_PROJECT_VERSION = 1;
				DEVELOPMENT_TEAM = 384WS8QBWW;
				GENERATE_INFOPLIST_FILE = YES;
				IPHONEOS_DEPLOYMENT_TARGET = 17.4;
				MACOSX_DEPLOYMENT_TARGET = 14.4;
				MARKETING_VERSION = 1.0;
				PRODUCT_BUNDLE_IDENTIFIER = com.peteschuette.FlowContainerSampleUITests;
				PRODUCT_NAME = "$(TARGET_NAME)";
				SDKROOT = iphoneos;
				SUPPORTED_PLATFORMS = "iphoneos iphonesimulator";
				SUPPORTS_MACCATALYST = NO;
				SWIFT_EMIT_LOC_STRINGS = NO;
				SWIFT_VERSION = 5.0;
				TARGETED_DEVICE_FAMILY = "1,2";
				TEST_TARGET_NAME = FlowContainerSample;
			};
			name = Debug;
		};
		495624682BBE559800ABB722 /* Release */ = {
			isa = XCBuildConfiguration;
			buildSettings = {
				ALWAYS_EMBED_SWIFT_STANDARD_LIBRARIES = YES;
				CODE_SIGN_STYLE = Automatic;
				CURRENT_PROJECT_VERSION = 1;
				DEVELOPMENT_TEAM = 384WS8QBWW;
				GENERATE_INFOPLIST_FILE = YES;
				IPHONEOS_DEPLOYMENT_TARGET = 17.4;
				MACOSX_DEPLOYMENT_TARGET = 14.4;
				MARKETING_VERSION = 1.0;
				PRODUCT_BUNDLE_IDENTIFIER = com.peteschuette.FlowContainerSampleUITests;
				PRODUCT_NAME = "$(TARGET_NAME)";
				SDKROOT = iphoneos;
				SUPPORTED_PLATFORMS = "iphoneos iphonesimulator";
				SUPPORTS_MACCATALYST = NO;
				SWIFT_EMIT_LOC_STRINGS = NO;
				SWIFT_VERSION = 5.0;
				TARGETED_DEVICE_FAMILY = "1,2";
				TEST_TARGET_NAME = FlowContainerSample;
			};
			name = Release;
		};
/* End XCBuildConfiguration section */

/* Begin XCConfigurationList section */
		495624362BBE559700ABB722 /* Build configuration list for PBXProject "FlowContainerSample" */ = {
			isa = XCConfigurationList;
			buildConfigurations = (
				4956245E2BBE559800ABB722 /* Debug */,
				4956245F2BBE559800ABB722 /* Release */,
			);
			defaultConfigurationIsVisible = 0;
			defaultConfigurationName = Release;
		};
		495624602BBE559800ABB722 /* Build configuration list for PBXNativeTarget "FlowContainerSample" */ = {
			isa = XCConfigurationList;
			buildConfigurations = (
				495624612BBE559800ABB722 /* Debug */,
				495624622BBE559800ABB722 /* Release */,
			);
			defaultConfigurationIsVisible = 0;
			defaultConfigurationName = Release;
		};
		495624632BBE559800ABB722 /* Build configuration list for PBXNativeTarget "FlowContainerSampleTests" */ = {
			isa = XCConfigurationList;
			buildConfigurations = (
				495624642BBE559800ABB722 /* Debug */,
				495624652BBE559800ABB722 /* Release */,
			);
			defaultConfigurationIsVisible = 0;
			defaultConfigurationName = Release;
		};
		495624662BBE559800ABB722 /* Build configuration list for PBXNativeTarget "FlowContainerSampleUITests" */ = {
			isa = XCConfigurationList;
			buildConfigurations = (
				495624672BBE559800ABB722 /* Debug */,
				495624682BBE559800ABB722 /* Release */,
			);
			defaultConfigurationIsVisible = 0;
			defaultConfigurationName = Release;
		};
/* End XCConfigurationList section */

/* Begin XCRemoteSwiftPackageReference section */
		4956246C2BBE58C000ABB722 /* XCRemoteSwiftPackageReference "FlowContainers" */ = {
			isa = XCRemoteSwiftPackageReference;
			repositoryURL = "https://github.com/pschuette22/FlowContainers";
			requirement = {
				kind = upToNextMajorVersion;
				minimumVersion = 0.1.0;
			};
		};
		49C351362BC0F59100DAD722 /* XCRemoteSwiftPackageReference "swift-async-algorithms" */ = {
			isa = XCRemoteSwiftPackageReference;
			repositoryURL = "https://github.com/apple/swift-async-algorithms.git";
			requirement = {
				kind = upToNextMajorVersion;
				minimumVersion = 1.0.0;
			};
		};
/* End XCRemoteSwiftPackageReference section */

/* Begin XCSwiftPackageProductDependency section */
		4956246D2BBE58C000ABB722 /* FlowContainers */ = {
			isa = XCSwiftPackageProductDependency;
			package = 4956246C2BBE58C000ABB722 /* XCRemoteSwiftPackageReference "FlowContainers" */;
			productName = FlowContainers;
		};
		49C351372BC0F59100DAD722 /* AsyncAlgorithms */ = {
			isa = XCSwiftPackageProductDependency;
			package = 49C351362BC0F59100DAD722 /* XCRemoteSwiftPackageReference "swift-async-algorithms" */;
			productName = AsyncAlgorithms;
		};
/* End XCSwiftPackageProductDependency section */
	};
	rootObject = 495624332BBE559700ABB722 /* Project object */;
}
